<?xml version="1.0" encoding="utf-8"?>
<Project ToolsVersion="4.0" xmlns="http://schemas.microsoft.com/developer/msbuild/2003">
  <ItemGroup>
    <Filter Include="Source Files">
      <UniqueIdentifier>{4FC737F1-C7A5-4376-A066-2A32D752A2FF}</UniqueIdentifier>
      <Extensions>cpp;c;cc;cxx;def;odl;idl;hpj;bat;asm;asmx</Extensions>
    </Filter>
    <Filter Include="Header Files">
      <UniqueIdentifier>{93995380-89BD-4b04-88EB-625FBE52EBFB}</UniqueIdentifier>
      <Extensions>h;hh;hpp;hxx;hm;inl;inc;xsd</Extensions>
    </Filter>
    <Filter Include="Resource Files">
      <UniqueIdentifier>{67DA6AB6-F800-4c08-8B7A-83BB121AAD01}</UniqueIdentifier>
      <Extensions>rc;ico;cur;bmp;dlg;rc2;rct;bin;rgs;gif;jpg;jpeg;jpe;resx;tiff;tif;png;wav;mfcribbon-ms</Extensions>
    </Filter>
    <Filter Include="StateStuff">
      <UniqueIdentifier>{e52aba62-24cf-40e9-9f33-102387134fb0}</UniqueIdentifier>
    </Filter>
    <Filter Include="States">
      <UniqueIdentifier>{07060931-feb1-4964-9e7c-159ac5b8e753}</UniqueIdentifier>
    </Filter>
    <Filter Include="Assignment 4">
      <UniqueIdentifier>{0fa81cf9-e9dc-4161-a082-a44b26119997}</UniqueIdentifier>
    </Filter>
    <Filter Include="XMLStuff">
      <UniqueIdentifier>{e29631a6-938a-4111-a771-38bde4d0c899}</UniqueIdentifier>
    </Filter>
  </ItemGroup>
  <ItemGroup>
    <ClCompile Include="main.cpp">
      <Filter>Source Files</Filter>
    </ClCompile>
    <ClCompile Include="MainGame.cpp">
      <Filter>Source Files</Filter>
    </ClCompile>
    <ClCompile Include="Bullet.cpp">
      <Filter>Source Files</Filter>
    </ClCompile>
    <ClCompile Include="Drawable.cpp">
      <Filter>StateStuff</Filter>
    </ClCompile>
    <ClCompile Include="Updateable.cpp">
      <Filter>StateStuff</Filter>
    </ClCompile>
    <ClCompile Include="GameStateProvider.cpp">
      <Filter>StateStuff</Filter>
    </ClCompile>
    <ClCompile Include="Modality.cpp">
      <Filter>StateStuff</Filter>
    </ClCompile>
    <ClCompile Include="DefaultGameStateManager.cpp">
      <Filter>StateStuff</Filter>
    </ClCompile>
    <ClCompile Include="GameState.cpp">
      <Filter>StateStuff</Filter>
    </ClCompile>
    <ClCompile Include="GameStateManager.cpp">
      <Filter>StateStuff</Filter>
    </ClCompile>
    <ClCompile Include="IntroGameState.cpp">
      <Filter>States</Filter>
    </ClCompile>
    <ClCompile Include="MainMenuGameState.cpp">
      <Filter>States</Filter>
    </ClCompile>
    <ClCompile Include="box.cpp">
      <Filter>Assignment 4</Filter>
    </ClCompile>
    <ClCompile Include="Ball.cpp">
      <Filter>Assignment 4</Filter>
    </ClCompile>
    <ClCompile Include="Assignment4GameState.cpp">
      <Filter>Assignment 4</Filter>
    </ClCompile>
    <ClCompile Include="GameObject.cpp">
      <Filter>Assignment 4</Filter>
    </ClCompile>
    <ClCompile Include="GameWorld.cpp">
      <Filter>Assignment 4</Filter>
    </ClCompile>
    <ClCompile Include="Ground.cpp">
      <Filter>Assignment 4</Filter>
    </ClCompile>
    <ClCompile Include="TylerMenuState.cpp">
      <Filter>States</Filter>
    </ClCompile>
    <ClCompile Include="StartScreenState.cpp">
      <Filter>States</Filter>
    </ClCompile>
    <ClCompile Include="MainMenuState.cpp">
      <Filter>States</Filter>
    </ClCompile>
    <ClCompile Include="MultiCharacterSelectState.cpp">
      <Filter>States</Filter>
    </ClCompile>
    <ClCompile Include="StageSelectState.cpp">
      <Filter>States</Filter>
    </ClCompile>
    <ClCompile Include="BasicState.cpp">
      <Filter>States</Filter>
    </ClCompile>
    <ClCompile Include="LevelLoader.cpp">
      <Filter>XMLStuff</Filter>
    </ClCompile>
    <ClCompile Include="tinyxml2.cpp">
      <Filter>XMLStuff</Filter>
    </ClCompile>
    <ClCompile Include="RemedyMenuState.cpp">
      <Filter>States</Filter>
    </ClCompile>
  </ItemGroup>
  <ItemGroup>
    <ClInclude Include="MainGame.h">
      <Filter>Header Files</Filter>
    </ClInclude>
    <ClInclude Include="Bullet.h">
      <Filter>Header Files</Filter>
    </ClInclude>
    <ClInclude Include="Drawable.h">
      <Filter>StateStuff</Filter>
    </ClInclude>
    <ClInclude Include="Updateable.h">
      <Filter>StateStuff</Filter>
    </ClInclude>
    <ClInclude Include="GameStateManager.h">
      <Filter>StateStuff</Filter>
    </ClInclude>
    <ClInclude Include="GameStateProvider.h">
      <Filter>StateStuff</Filter>
    </ClInclude>
    <ClInclude Include="Modality.h">
      <Filter>StateStuff</Filter>
    </ClInclude>
    <ClInclude Include="DefaultGameStateManager.h">
      <Filter>StateStuff</Filter>
    </ClInclude>
    <ClInclude Include="GameState.h">
      <Filter>StateStuff</Filter>
    </ClInclude>
    <ClInclude Include="IntroGameState.h">
      <Filter>States</Filter>
    </ClInclude>
    <ClInclude Include="MainMenuGameState.h">
      <Filter>States</Filter>
    </ClInclude>
    <ClInclude Include="box.h">
      <Filter>Assignment 4</Filter>
    </ClInclude>
    <ClInclude Include="Ball.h">
      <Filter>Assignment 4</Filter>
    </ClInclude>
    <ClInclude Include="Assignment4GameState.h">
      <Filter>Assignment 4</Filter>
    </ClInclude>
    <ClInclude Include="GameObject.h">
      <Filter>Assignment 4</Filter>
    </ClInclude>
    <ClInclude Include="Ground.h">
      <Filter>Assignment 4</Filter>
    </ClInclude>
    <ClInclude Include="GameWorld.h">
      <Filter>Assignment 4</Filter>
    </ClInclude>
    <ClInclude Include="TylerMenuState.h">
      <Filter>States</Filter>
    </ClInclude>
    <ClInclude Include="StartScreenState.h">
      <Filter>States</Filter>
    </ClInclude>
    <ClInclude Include="MainMenuState.h">
      <Filter>States</Filter>
    </ClInclude>
    <ClInclude Include="MultiCharacterSelectState.h">
      <Filter>States</Filter>
    </ClInclude>
    <ClInclude Include="StageSelectState.h">
      <Filter>States</Filter>
    </ClInclude>
    <ClInclude Include="BasicState.h">
      <Filter>States</Filter>
    </ClInclude>
    <ClInclude Include="LevelLoader.h">
      <Filter>XMLStuff</Filter>
    </ClInclude>
    <ClInclude Include="tinyxml2.h">
      <Filter>XMLStuff</Filter>
    </ClInclude>
    <ClInclude Include="RemedyMenuState.h">
      <Filter>States</Filter>
    </ClInclude>
  </ItemGroup>
</Project>